// !$*UTF8*$!
{
	archiveVersion = 1;
	classes = {
	};
	objectVersion = 46;
	objects = {

/* Begin PBXBuildFile section */
		525DB15218C7D52F00909D83 /* Foundation.framework in Frameworks */ = {isa = PBXBuildFile; fileRef = 525DB15118C7D52F00909D83 /* Foundation.framework */; };
		525DB15418C7D52F00909D83 /* CoreGraphics.framework in Frameworks */ = {isa = PBXBuildFile; fileRef = 525DB15318C7D52F00909D83 /* CoreGraphics.framework */; };
		525DB15618C7D52F00909D83 /* UIKit.framework in Frameworks */ = {isa = PBXBuildFile; fileRef = 525DB15518C7D52F00909D83 /* UIKit.framework */; };
		525DB15C18C7D52F00909D83 /* InfoPlist.strings in Resources */ = {isa = PBXBuildFile; fileRef = 525DB15A18C7D52F00909D83 /* InfoPlist.strings */; };
		525DB15E18C7D52F00909D83 /* main.m in Sources */ = {isa = PBXBuildFile; fileRef = 525DB15D18C7D52F00909D83 /* main.m */; };
		525DB16218C7D52F00909D83 /* RESAppDelegate.m in Sources */ = {isa = PBXBuildFile; fileRef = 525DB16118C7D52F00909D83 /* RESAppDelegate.m */; };
		525DB16418C7D52F00909D83 /* Images.xcassets in Resources */ = {isa = PBXBuildFile; fileRef = 525DB16318C7D52F00909D83 /* Images.xcassets */; };
		525DB16B18C7D52F00909D83 /* XCTest.framework in Frameworks */ = {isa = PBXBuildFile; fileRef = 525DB16A18C7D52F00909D83 /* XCTest.framework */; };
		525DB16C18C7D52F00909D83 /* Foundation.framework in Frameworks */ = {isa = PBXBuildFile; fileRef = 525DB15118C7D52F00909D83 /* Foundation.framework */; };
		525DB16D18C7D52F00909D83 /* UIKit.framework in Frameworks */ = {isa = PBXBuildFile; fileRef = 525DB15518C7D52F00909D83 /* UIKit.framework */; };
		525DB17518C7D52F00909D83 /* InfoPlist.strings in Resources */ = {isa = PBXBuildFile; fileRef = 525DB17318C7D52F00909D83 /* InfoPlist.strings */; };
		525DB17718C7D52F00909D83 /* ResumeTests.m in Sources */ = {isa = PBXBuildFile; fileRef = 525DB17618C7D52F00909D83 /* ResumeTests.m */; };
/* End PBXBuildFile section */

/* Begin PBXContainerItemProxy section */
		525DB16E18C7D52F00909D83 /* PBXContainerItemProxy */ = {
			isa = PBXContainerItemProxy;
			containerPortal = 525DB14618C7D52F00909D83 /* Project object */;
			proxyType = 1;
			remoteGlobalIDString = 525DB14D18C7D52F00909D83;
			remoteInfo = Resume;
		};
/* End PBXContainerItemProxy section */

/* Begin PBXFileReference section */
		525DB14E18C7D52F00909D83 /* Resume.app */ = {isa = PBXFileReference; explicitFileType = wrapper.application; includeInIndex = 0; path = Resume.app; sourceTree = BUILT_PRODUCTS_DIR; };
		525DB15118C7D52F00909D83 /* Foundation.framework */ = {isa = PBXFileReference; lastKnownFileType = wrapper.framework; name = Foundation.framework; path = System/Library/Frameworks/Foundation.framework; sourceTree = SDKROOT; };
		525DB15318C7D52F00909D83 /* CoreGraphics.framework */ = {isa = PBXFileReference; lastKnownFileType = wrapper.framework; name = CoreGraphics.framework; path = System/Library/Frameworks/CoreGraphics.framework; sourceTree = SDKROOT; };
		525DB15518C7D52F00909D83 /* UIKit.framework */ = {isa = PBXFileReference; lastKnownFileType = wrapper.framework; name = UIKit.framework; path = System/Library/Frameworks/UIKit.framework; sourceTree = SDKROOT; };
		525DB15918C7D52F00909D83 /* Resume-Info.plist */ = {isa = PBXFileReference; lastKnownFileType = text.plist.xml; path = "Resume-Info.plist"; sourceTree = "<group>"; };
		525DB15B18C7D52F00909D83 /* en */ = {isa = PBXFileReference; lastKnownFileType = text.plist.strings; name = en; path = en.lproj/InfoPlist.strings; sourceTree = "<group>"; };
		525DB15D18C7D52F00909D83 /* main.m */ = {isa = PBXFileReference; lastKnownFileType = sourcecode.c.objc; path = main.m; sourceTree = "<group>"; };
		525DB15F18C7D52F00909D83 /* Resume-Prefix.pch */ = {isa = PBXFileReference; lastKnownFileType = sourcecode.c.h; path = "Resume-Prefix.pch"; sourceTree = "<group>"; };
		525DB16018C7D52F00909D83 /* RESAppDelegate.h */ = {isa = PBXFileReference; lastKnownFileType = sourcecode.c.h; path = RESAppDelegate.h; sourceTree = "<group>"; };
		525DB16118C7D52F00909D83 /* RESAppDelegate.m */ = {isa = PBXFileReference; lastKnownFileType = sourcecode.c.objc; path = RESAppDelegate.m; sourceTree = "<group>"; };
		525DB16318C7D52F00909D83 /* Images.xcassets */ = {isa = PBXFileReference; lastKnownFileType = folder.assetcatalog; path = Images.xcassets; sourceTree = "<group>"; };
		525DB16918C7D52F00909D83 /* ResumeTests.xctest */ = {isa = PBXFileReference; explicitFileType = wrapper.cfbundle; includeInIndex = 0; path = ResumeTests.xctest; sourceTree = BUILT_PRODUCTS_DIR; };
		525DB16A18C7D52F00909D83 /* XCTest.framework */ = {isa = PBXFileReference; lastKnownFileType = wrapper.framework; name = XCTest.framework; path = Library/Frameworks/XCTest.framework; sourceTree = DEVELOPER_DIR; };
		525DB17218C7D52F00909D83 /* ResumeTests-Info.plist */ = {isa = PBXFileReference; lastKnownFileType = text.plist.xml; path = "ResumeTests-Info.plist"; sourceTree = "<group>"; };
		525DB17418C7D52F00909D83 /* en */ = {isa = PBXFileReference; lastKnownFileType = text.plist.strings; name = en; path = en.lproj/InfoPlist.strings; sourceTree = "<group>"; };
		525DB17618C7D52F00909D83 /* ResumeTests.m */ = {isa = PBXFileReference; lastKnownFileType = sourcecode.c.objc; path = ResumeTests.m; sourceTree = "<group>"; };
/* End PBXFileReference section */

/* Begin PBXFrameworksBuildPhase section */
		525DB14B18C7D52F00909D83 /* Frameworks */ = {
			isa = PBXFrameworksBuildPhase;
			buildActionMask = 2147483647;
			files = (
				525DB15418C7D52F00909D83 /* CoreGraphics.framework in Frameworks */,
				525DB15618C7D52F00909D83 /* UIKit.framework in Frameworks */,
				525DB15218C7D52F00909D83 /* Foundation.framework in Frameworks */,
			);
			runOnlyForDeploymentPostprocessing = 0;
		};
		525DB16618C7D52F00909D83 /* Frameworks */ = {
			isa = PBXFrameworksBuildPhase;
			buildActionMask = 2147483647;
			files = (
				525DB16B18C7D52F00909D83 /* XCTest.framework in Frameworks */,
				525DB16D18C7D52F00909D83 /* UIKit.framework in Frameworks */,
				525DB16C18C7D52F00909D83 /* Foundation.framework in Frameworks */,
			);
			runOnlyForDeploymentPostprocessing = 0;
		};
/* End PBXFrameworksBuildPhase section */

/* Begin PBXGroup section */
		525DB14518C7D52F00909D83 = {
			isa = PBXGroup;
			children = (
				525DB15718C7D52F00909D83 /* Resume */,
				525DB17018C7D52F00909D83 /* ResumeTests */,
				525DB15018C7D52F00909D83 /* Frameworks */,
				525DB14F18C7D52F00909D83 /* Products */,
			);
			sourceTree = "<group>";
		};
		525DB14F18C7D52F00909D83 /* Products */ = {
			isa = PBXGroup;
			children = (
				525DB14E18C7D52F00909D83 /* Resume.app */,
				525DB16918C7D52F00909D83 /* ResumeTests.xctest */,
			);
			name = Products;
			sourceTree = "<group>";
		};
		525DB15018C7D52F00909D83 /* Frameworks */ = {
			isa = PBXGroup;
			children = (
				525DB15118C7D52F00909D83 /* Foundation.framework */,
				525DB15318C7D52F00909D83 /* CoreGraphics.framework */,
				525DB15518C7D52F00909D83 /* UIKit.framework */,
				525DB16A18C7D52F00909D83 /* XCTest.framework */,
			);
			name = Frameworks;
			sourceTree = "<group>";
		};
		525DB15718C7D52F00909D83 /* Resume */ = {
			isa = PBXGroup;
			children = (
				525DB16018C7D52F00909D83 /* RESAppDelegate.h */,
				525DB16118C7D52F00909D83 /* RESAppDelegate.m */,
				525DB16318C7D52F00909D83 /* Images.xcassets */,
				525DB15818C7D52F00909D83 /* Supporting Files */,
			);
			path = Resume;
			sourceTree = "<group>";
		};
		525DB15818C7D52F00909D83 /* Supporting Files */ = {
			isa = PBXGroup;
			children = (
				525DB15918C7D52F00909D83 /* Resume-Info.plist */,
				525DB15A18C7D52F00909D83 /* InfoPlist.strings */,
				525DB15D18C7D52F00909D83 /* main.m */,
				525DB15F18C7D52F00909D83 /* Resume-Prefix.pch */,
			);
			name = "Supporting Files";
			sourceTree = "<group>";
		};
		525DB17018C7D52F00909D83 /* ResumeTests */ = {
			isa = PBXGroup;
			children = (
				525DB17618C7D52F00909D83 /* ResumeTests.m */,
				525DB17118C7D52F00909D83 /* Supporting Files */,
			);
			path = ResumeTests;
			sourceTree = "<group>";
		};
		525DB17118C7D52F00909D83 /* Supporting Files */ = {
			isa = PBXGroup;
			children = (
				525DB17218C7D52F00909D83 /* ResumeTests-Info.plist */,
				525DB17318C7D52F00909D83 /* InfoPlist.strings */,
			);
			name = "Supporting Files";
			sourceTree = "<group>";
		};
/* End PBXGroup section */

/* Begin PBXNativeTarget section */
		525DB14D18C7D52F00909D83 /* Resume */ = {
			isa = PBXNativeTarget;
			buildConfigurationList = 525DB17A18C7D52F00909D83 /* Build configuration list for PBXNativeTarget "Resume" */;
			buildPhases = (
				525DB14A18C7D52F00909D83 /* Sources */,
				525DB14B18C7D52F00909D83 /* Frameworks */,
				525DB14C18C7D52F00909D83 /* Resources */,
			);
			buildRules = (
			);
			dependencies = (
			);
			name = Resume;
			productName = Resume;
			productReference = 525DB14E18C7D52F00909D83 /* Resume.app */;
			productType = "com.apple.product-type.application";
		};
		525DB16818C7D52F00909D83 /* ResumeTests */ = {
			isa = PBXNativeTarget;
			buildConfigurationList = 525DB17D18C7D52F00909D83 /* Build configuration list for PBXNativeTarget "ResumeTests" */;
			buildPhases = (
				525DB16518C7D52F00909D83 /* Sources */,
				525DB16618C7D52F00909D83 /* Frameworks */,
				525DB16718C7D52F00909D83 /* Resources */,
			);
			buildRules = (
			);
			dependencies = (
				525DB16F18C7D52F00909D83 /* PBXTargetDependency */,
			);
			name = ResumeTests;
			productName = ResumeTests;
			productReference = 525DB16918C7D52F00909D83 /* ResumeTests.xctest */;
			productType = "com.apple.product-type.bundle.unit-test";
		};
/* End PBXNativeTarget section */

/* Begin PBXProject section */
		525DB14618C7D52F00909D83 /* Project object */ = {
			isa = PBXProject;
			attributes = {
				CLASSPREFIX = RES;
				LastUpgradeCheck = 0510;
				ORGANIZATIONNAME = "Tim Kersey";
				TargetAttributes = {
					525DB16818C7D52F00909D83 = {
						TestTargetID = 525DB14D18C7D52F00909D83;
					};
				};
			};
			buildConfigurationList = 525DB14918C7D52F00909D83 /* Build configuration list for PBXProject "Resume" */;
			compatibilityVersion = "Xcode 3.2";
			developmentRegion = English;
			hasScannedForEncodings = 0;
			knownRegions = (
				en,
			);
			mainGroup = 525DB14518C7D52F00909D83;
			productRefGroup = 525DB14F18C7D52F00909D83 /* Products */;
			projectDirPath = "";
			projectRoot = "";
			targets = (
				525DB14D18C7D52F00909D83 /* Resume */,
				525DB16818C7D52F00909D83 /* ResumeTests */,
			);
		};
/* End PBXProject section */

/* Begin PBXResourcesBuildPhase section */
		525DB14C18C7D52F00909D83 /* Resources */ = {
			isa = PBXResourcesBuildPhase;
			buildActionMask = 2147483647;
			files = (
				525DB15C18C7D52F00909D83 /* InfoPlist.strings in Resources */,
				525DB16418C7D52F00909D83 /* Images.xcassets in Resources */,
			);
			runOnlyForDeploymentPostprocessing = 0;
		};
		525DB16718C7D52F00909D83 /* Resources */ = {
			isa = PBXResourcesBuildPhase;
			buildActionMask = 2147483647;
			files = (
				525DB17518C7D52F00909D83 /* InfoPlist.strings in Resources */,
			);
			runOnlyForDeploymentPostprocessing = 0;
		};
/* End PBXResourcesBuildPhase section */

/* Begin PBXSourcesBuildPhase section */
		525DB14A18C7D52F00909D83 /* Sources */ = {
			isa = PBXSourcesBuildPhase;
			buildActionMask = 2147483647;
			files = (
				525DB15E18C7D52F00909D83 /* main.m in Sources */,
				525DB16218C7D52F00909D83 /* RESAppDelegate.m in Sources */,
			);
			runOnlyForDeploymentPostprocessing = 0;
		};
		525DB16518C7D52F00909D83 /* Sources */ = {
			isa = PBXSourcesBuildPhase;
			buildActionMask = 2147483647;
			files = (
				525DB17718C7D52F00909D83 /* ResumeTests.m in Sources */,
			);
			runOnlyForDeploymentPostprocessing = 0;
		};
/* End PBXSourcesBuildPhase section */

/* Begin PBXTargetDependency section */
		525DB16F18C7D52F00909D83 /* PBXTargetDependency */ = {
			isa = PBXTargetDependency;
			target = 525DB14D18C7D52F00909D83 /* Resume */;
			targetProxy = 525DB16E18C7D52F00909D83 /* PBXContainerItemProxy */;
		};
/* End PBXTargetDependency section */

/* Begin PBXVariantGroup section */
		525DB15A18C7D52F00909D83 /* InfoPlist.strings */ = {
			isa = PBXVariantGroup;
			children = (
				525DB15B18C7D52F00909D83 /* en */,
			);
			name = InfoPlist.strings;
			sourceTree = "<group>";
		};
		525DB17318C7D52F00909D83 /* InfoPlist.strings */ = {
			isa = PBXVariantGroup;
			children = (
				525DB17418C7D52F00909D83 /* en */,
			);
			name = InfoPlist.strings;
			sourceTree = "<group>";
		};
/* End PBXVariantGroup section */

/* Begin XCBuildConfiguration section */
		525DB17818C7D52F00909D83 /* Debug */ = {
			isa = XCBuildConfiguration;
			buildSettings = {
				ALWAYS_SEARCH_USER_PATHS = NO;
				CLANG_CXX_LANGUAGE_STANDARD = "gnu++0x";
				CLANG_CXX_LIBRARY = "libc++";
				CLANG_ENABLE_MODULES = YES;
				CLANG_ENABLE_OBJC_ARC = YES;
				CLANG_WARN_BOOL_CONVERSION = YES;
				CLANG_WARN_CONSTANT_CONVERSION = YES;
				CLANG_WARN_DIRECT_OBJC_ISA_USAGE = YES_ERROR;
				CLANG_WARN_EMPTY_BODY = YES;
				CLANG_WARN_ENUM_CONVERSION = YES;
				CLANG_WARN_INT_CONVERSION = YES;
				CLANG_WARN_OBJC_ROOT_CLASS = YES_ERROR;
				CLANG_WARN__DUPLICATE_METHOD_MATCH = YES;
				"CODE_SIGN_IDENTITY[sdk=iphoneos*]" = "iPhone Developer";
				COPY_PHASE_STRIP = NO;
				GCC_C_LANGUAGE_STANDARD = gnu99;
				GCC_DYNAMIC_NO_PIC = NO;
				GCC_OPTIMIZATION_LEVEL = 0;
				GCC_PREPROCESSOR_DEFINITIONS = (
					"DEBUG=1",
					"$(inherited)",
				);
				GCC_SYMBOLS_PRIVATE_EXTERN = NO;
				GCC_WARN_64_TO_32_BIT_CONVERSION = YES;
				GCC_WARN_ABOUT_RETURN_TYPE = YES_ERROR;
				GCC_WARN_UNDECLARED_SELECTOR = YES;
				GCC_WARN_UNINITIALIZED_AUTOS = YES_AGGRESSIVE;
				GCC_WARN_UNUSED_FUNCTION = YES;
				GCC_WARN_UNUSED_VARIABLE = YES;
				IPHONEOS_DEPLOYMENT_TARGET = 7.1;
				ONLY_ACTIVE_ARCH = YES;
				SDKROOT = iphoneos;
			};
			name = Debug;
		};
		525DB17918C7D52F00909D83 /* Release */ = {
			isa = XCBuildConfiguration;
			buildSettings = {
				ALWAYS_SEARCH_USER_PATHS = NO;
				CLANG_CXX_LANGUAGE_STANDARD = "gnu++0x";
				CLANG_CXX_LIBRARY = "libc++";
				CLANG_ENABLE_MODULES = YES;
				CLANG_ENABLE_OBJC_ARC = YES;
				CLANG_WARN_BOOL_CONVERSION = YES;
				CLANG_WARN_CONSTANT_CONVERSION = YES;
				CLANG_WARN_DIRECT_OBJC_ISA_USAGE = YES_ERROR;
				CLANG_WARN_EMPTY_BODY = YES;
				CLANG_WARN_ENUM_CONVERSION = YES;
				CLANG_WARN_INT_CONVERSION = YES;
				CLANG_WARN_OBJC_ROOT_CLASS = YES_ERROR;
				CLANG_WARN__DUPLICATE_METHOD_MATCH = YES;
				"CODE_SIGN_IDENTITY[sdk=iphoneos*]" = "iPhone Developer";
				COPY_PHASE_STRIP = YES;
				ENABLE_NS_ASSERTIONS = NO;
				GCC_C_LANGUAGE_STANDARD = gnu99;
				GCC_WARN_64_TO_32_BIT_CONVERSION = YES;
				GCC_WARN_ABOUT_RETURN_TYPE = YES_ERROR;
				GCC_WARN_UNDECLARED_SELECTOR = YES;
				GCC_WARN_UNINITIALIZED_AUTOS = YES_AGGRESSIVE;
				GCC_WARN_UNUSED_FUNCTION = YES;
				GCC_WARN_UNUSED_VARIABLE = YES;
				IPHONEOS_DEPLOYMENT_TARGET = 7.1;
				SDKROOT = iphoneos;
				VALIDATE_PRODUCT = YES;
			};
			name = Release;
		};
		525DB17B18C7D52F00909D83 /* Debug */ = {
			isa = XCBuildConfiguration;
			buildSettings = {
				ASSETCATALOG_COMPILER_APPICON_NAME = AppIcon;
				ASSETCATALOG_COMPILER_LAUNCHIMAGE_NAME = LaunchImage;
				GCC_PRECOMPILE_PREFIX_HEADER = YES;
				GCC_PREFIX_HEADER = "Resume/Resume-Prefix.pch";
				INFOPLIST_FILE = "Resume/Resume-Info.plist";
				PRODUCT_NAME = "$(TARGET_NAME)";
				WRAPPER_EXTENSION = app;
			};
			name = Debug;
		};
		525DB17C18C7D52F00909D83 /* Release */ = {
			isa = XCBuildConfiguration;
			buildSettings = {
				ASSETCATALOG_COMPILER_APPICON_NAME = AppIcon;
				ASSETCATALOG_COMPILER_LAUNCHIMAGE_NAME = LaunchImage;
				GCC_PRECOMPILE_PREFIX_HEADER = YES;
				GCC_PREFIX_HEADER = "Resume/Resume-Prefix.pch";
				INFOPLIST_FILE = "Resume/Resume-Info.plist";
				PRODUCT_NAME = "$(TARGET_NAME)";
				WRAPPER_EXTENSION = app;
			};
			name = Release;
		};
		525DB17E18C7D52F00909D83 /* Debug */ = {
			isa = XCBuildConfiguration;
			buildSettings = {
				BUNDLE_LOADER = "$(BUILT_PRODUCTS_DIR)/Resume.app/Resume";
				FRAMEWORK_SEARCH_PATHS = (
					"$(SDKROOT)/Developer/Library/Frameworks",
					"$(inherited)",
					"$(DEVELOPER_FRAMEWORKS_DIR)",
				);
				GCC_PRECOMPILE_PREFIX_HEADER = YES;
				GCC_PREFIX_HEADER = "Resume/Resume-Prefix.pch";
				GCC_PREPROCESSOR_DEFINITIONS = (
					"DEBUG=1",
					"$(inherited)",
				);
				INFOPLIST_FILE = "ResumeTests/ResumeTests-Info.plist";
				PRODUCT_NAME = "$(TARGET_NAME)";
				TEST_HOST = "$(BUNDLE_LOADER)";
				WRAPPER_EXTENSION = xctest;
			};
			name = Debug;
		};
		525DB17F18C7D52F00909D83 /* Release */ = {
			isa = XCBuildConfiguration;
			buildSettings = {
				BUNDLE_LOADER = "$(BUILT_PRODUCTS_DIR)/Resume.app/Resume";
				FRAMEWORK_SEARCH_PATHS = (
					"$(SDKROOT)/Developer/Library/Frameworks",
					"$(inherited)",
					"$(DEVELOPER_FRAMEWORKS_DIR)",
				);
				GCC_PRECOMPILE_PREFIX_HEADER = YES;
				GCC_PREFIX_HEADER = "Resume/Resume-Prefix.pch";
				INFOPLIST_FILE = "ResumeTests/ResumeTests-Info.plist";
				PRODUCT_NAME = "$(TARGET_NAME)";
				TEST_HOST = "$(BUNDLE_LOADER)";
				WRAPPER_EXTENSION = xctest;
			};
			name = Release;
		};
/* End XCBuildConfiguration section */

/* Begin XCConfigurationList section */
		525DB14918C7D52F00909D83 /* Build configuration list for PBXProject "Resume" */ = {
			isa = XCConfigurationList;
			buildConfigurations = (
				525DB17818C7D52F00909D83 /* Debug */,
				525DB17918C7D52F00909D83 /* Release */,
			);
			defaultConfigurationIsVisible = 0;
			defaultConfigurationName = Release;
		};
		525DB17A18C7D52F00909D83 /* Build configuration list for PBXNativeTarget "Resume" */ = {
			isa = XCConfigurationList;
			buildConfigurations = (
				525DB17B18C7D52F00909D83 /* Debug */,
				525DB17C18C7D52F00909D83 /* Release */,
			);
			defaultConfigurationIsVisible = 0;
		};
		525DB17D18C7D52F00909D83 /* Build configuration list for PBXNativeTarget "ResumeTests" */ = {
			isa = XCConfigurationList;
			buildConfigurations = (
				525DB17E18C7D52F00909D83 /* Debug */,
				525DB17F18C7D52F00909D83 /* Release */,
			);
			defaultConfigurationIsVisible = 0;
		};
/* End XCConfigurationList section */
	};
	rootObject = 525DB14618C7D52F00909D83 /* Project object */;
}
